<?xml version="1.0" encoding="utf-8"?>
<Project ToolsVersion="4.0" xmlns="http://schemas.microsoft.com/developer/msbuild/2003">
  <ItemGroup>
    <ClCompile Include="Main.cpp" />
    <ClCompile Include="MemUtils.cpp" />
    <ClCompile Include="And64InlineHook.cpp" />
    <ClInclude Include="pch.h" />
    <ClInclude Include="PvZ2\AnimationMgr.h" />
    <ClInclude Include="PvZ2\AudioMgr.h" />
    <ClInclude Include="PvZ2\Board.h" />
    <ClInclude Include="PvZ2\BoardEntity.h" />
    <ClInclude Include="PvZ2\Collectable.h" />
    <ClInclude Include="PvZ2\DamageInfo.h" />
    <ClInclude Include="PvZ2\Effect_PopAnim.h" />
    <ClInclude Include="PvZ2\EntityConditionTracker.h" />
    <ClInclude Include="PvZ2\GameFeature.h" />
    <ClInclude Include="PvZ2\GameObject.h" />
    <ClInclude Include="PvZ2\GridItem.h" />
    <ClInclude Include="PvZ2\GridItemAnimation.h" />
    <ClInclude Include="PvZ2\LevelDefinition.h" />
    <ClInclude Include="PvZ2\LevelModule.h" />
    <ClInclude Include="PvZ2\LevelModuleManager.h" />
    <ClInclude Include="PvZ2\MessageRouter.h" />
    <ClInclude Include="PvZ2\Messages.h" />
    <ClInclude Include="PvZ2\NamedFlagWithId.h" />
    <ClInclude Include="PvZ2\ObjectTypeDescriptor.h" />
    <ClInclude Include="PvZ2\ObjectTypeDirectory.h" />
    <ClInclude Include="PvZ2\PacketCursor.h" />
    <ClInclude Include="PvZ2\Plant.h" />
    <ClInclude Include="PvZ2\PlantAnimRig.h" />
    <ClInclude Include="PvZ2\PlantConditions.h" />
    <ClInclude Include="PvZ2\PlantFramework.h" />
    <ClInclude Include="PvZ2\Projectile.h" />
    <ClInclude Include="PvZ2\PropertySheetBase.h" />
    <ClInclude Include="PvZ2\PVZDB.h" />
    <ClInclude Include="PvZ2\RealObject.h" />
    <ClInclude Include="PvZ2\StageModule.h" />
    <ClInclude Include="PvZ2\StandaloneEffect.h" />
    <ClInclude Include="PvZ2\StringRestrictionSet.h" />
    <ClInclude Include="PvZ2\TimeMgr.h" />
    <ClInclude Include="PvZ2\WorldMap.h" />
    <ClInclude Include="PvZ2\Zombie.h" />
    <ClInclude Include="PvZ2\ZombieAnimRig.h" />
    <ClInclude Include="PvZ2\ZombieConditions.h" />
    <ClInclude Include="PvZ2\ZombieParticle.h" />
    <ClInclude Include="PvZ2\ZombieState.h" />
    <ClInclude Include="Reflection\CRefManualSymbolBuilder.h" />
    <ClInclude Include="Reflection\RClass.h" />
    <ClInclude Include="Reflection\RCustomType\TStdVectorManipulator.h" />
    <ClInclude Include="Reflection\ReflectionBuilder.h" />
    <ClInclude Include="Reflection\ReflectionFieldType.h" />
    <ClInclude Include="Reflection\RField.h" />
    <ClInclude Include="Reflection\RSimpleType.h" />
    <ClInclude Include="Reflection\RType.h" />
    <ClInclude Include="Sexy\BaseResource.h" />
    <ClInclude Include="Sexy\ButtonListener.h" />
    <ClInclude Include="Sexy\DialogListener.h" />
    <ClInclude Include="Sexy\Graphics.h" />
    <ClInclude Include="Sexy\Image.h" />
    <ClInclude Include="Sexy\MTRand.h" />
    <ClInclude Include="Sexy\PopAnim.h" />
    <ClInclude Include="Sexy\PopAnimListener.h" />
    <ClInclude Include="Sexy\RtClass.h" />
    <ClInclude Include="Sexy\RtObject.h" />
    <ClInclude Include="Sexy\RtReflectionDelegateBase.h" />
    <ClInclude Include="Sexy\RtWeakPtr.h" />
    <ClInclude Include="Sexy\ScrollListener.h" />
    <ClInclude Include="Sexy\SliderListener.h" />
    <ClInclude Include="Logging.h" />
    <ClInclude Include="MemUtils.h" />
    <ClInclude Include="SexyTypes.h" />
    <ClInclude Include="And64InlineHook.hpp" />
    <ClCompile Include="PvZ2\Chairracer.cpp" />
    <ClCompile Include="PvZ2\Zombie_BullProps.cpp" />
    <ClCompile Include="PvZ2\Zombie_BullVeteran.cpp" />
    <ClCompile Include="PvZ2\ZombieCavalryProps.cpp" />
    <ClCompile Include="PvZ2\ZombieDarkCavalry.cpp" />
    <ClCompile Include="PvZ2\ZombieFairyTaleGargantuar.cpp" />
    <ClCompile Include="PvZ2\ZombieFairyTaleImp.cpp" />
    <ClCompile Include="PvZ2\ZombieFairyTaleImpProps.cpp" />
    <ClCompile Include="PvZ2\ZombieAnimRig_ModernAllStar.cpp" />
    <ClCompile Include="PvZ2\ZombieAnimRig_EightiesPunk.cpp" />
    <ClCompile Include="PvZ2\ZombieAnimRig_Consultant.cpp" />
    <ClCompile Include="PvZ2\ZombieAnimRig_JourneyToTheWestTrident.cpp" />
    <ClCompile Include="PvZ2\ZombieAnimRig_Gargantuar.cpp" />
    <ClCompile Include="PvZ2\ZombieJourneyToTheWestGargantuar.cpp" />
    <ClCompile Include="PvZ2\ZombieAnimRig_JourneyToTheWestGargantuar.cpp" />
    <ClCompile Include="PvZ2\ZombiePirateBoomBarrel.cpp" />
    <ClCompile Include="PvZ2\ZombieAnimRig_PirateBoomBarrel.cpp" />
    <ClCompile Include="PvZ2\DangerRoomFallenKnightDesigner.cpp" />
    <ClCompile Include="PvZ2\DangerRoomHelpdeskSupportDesigner.cpp" />
    <ClCompile Include="PvZ2\ZombieModifierProperties.cpp" />
    <ClCompile Include="PvZ2\ZombieModernBalloon.cpp" />
    <ClCompile Include="PvZ2\ZombieAnimRig_ModernBalloon.cpp" />
    <ClCompile Include="PvZ2\ZombieJourneyToTheWestBalloonProps.cpp" />
    <ClCompile Include="PvZ2\ZombieStateHelper.cpp" />
    <ClCompile Include="PvZ2\ZombieJourneyToTheWestVendor.cpp" />
    <ClCompile Include="PvZ2\ZombieJourneyToTheWestVendorProps.cpp" />
    <ClCompile Include="PvZ2\ZombieAnimRig_Vendor.cpp" />
    <ClCompile Include="PvZ2\ZombieJourneyToTheWestPiggy.cpp" />
    <ClCompile Include="PvZ2\ZombieJourneyToTheWestPiggyProps.cpp" />
    <ClCompile Include="PvZ2\ZombieJourneyToTheWestGargantuarProps.cpp" />
    <ClCompile Include="PvZ2\ZombiePharaoh.cpp" />
    <ClCompile Include="PvZ2\ZombieZcorpEnergyDrinker.cpp" />
    <ClCompile Include="PvZ2\ZombieZCorpEnergyDrinkerProps.cpp" />
    <ClCompile Include="PvZ2\ZombieAnimRig_EnergyDrinker.cpp" />
    <ClCompile Include="PvZ2\ZombieAnimRig_FairyTaleWitch.cpp" />
    <ClCompile Include="PvZ2\FairyTaleWitchProjectile.cpp" />
    <ClCompile Include="PvZ2\ZombieFairyTaleWitch.cpp" />
    <ClCompile Include="PvZ2\ZombieFairyTaleWitchFrog.cpp" />
    <ClCompile Include="PvZ2\ZombieAnimRig_FairyTaleImp.cpp" />
    <ClCompile Include="PvZ2\ZombieFairyTaleGargantuarProps.cpp" />
    <ClCompile Include="PvZ2\ZombieAnimRigBasicTemplateProps.cpp" />
    <ClCompile Include="PvZ2\ZombieBasicTemplate.cpp" />
    <ClCompile Include="PvZ2\ZombieBasicProps.cpp" />
    <ClCompile Include="PvZ2\ZombieAnimRig_BasicTemplate.cpp" />
    <ClCompile Include="PvZ2\ZombieCowboyBasic.cpp" />
    <ClCompile Include="PvZ2\ZombieModernPoleVaulter.cpp" />
    <ClCompile Include="PvZ2\ZombieModernPoleVaulterProps.cpp" />
    <ClCompile Include="PvZ2\ZombieAnimRig_ModernPoleVaulter.cpp" />
    <ClCompile Include="PvZ2\ZombieModernJackInTheBoxProps.cpp" />
    <ClCompile Include="PvZ2\ZombieModernJackInTheBox.cpp" />
    <ClCompile Include="PvZ2\ZombieAnimRig_ModernJackInTheBox.cpp" />
    <ClCompile Include="PvZ2\ZombieModernSuperFanImp.cpp" />
    <ClCompile Include="PvZ2\ZombieJourneyToTheWestMiner.cpp" />
    <ClCompile Include="PvZ2\ZombieAnimRig_JourneyToTheWestMiner.cpp" />
    <ClCompile Include="PvZ2\ZombieVaseGargantuar.cpp" />
    <ClCompile Include="PvZ2\ZombieCamel.cpp" />
    <ClCompile Include="PvZ2\ZombieSpawnerProjectile.cpp" />
    <ClCompile Include="PvZ2\ZombieFutureJetpackVeteran.cpp" />
    <ClCompile Include="PvZ2\ZombieModernPogo.cpp" />
    <ClCompile Include="PvZ2\ZombieModernPogoProps.cpp" />
    <ClCompile Include="PvZ2\ZombieAnimRig_ModernPogo.cpp" />
    <ClCompile Include="PvZ2\ZombieModernScreenDoor.cpp" />
    <ClCompile Include="PvZ2\ZombieAnimRig_ModernScreenDoor.cpp" />
    <ClCompile Include="PvZ2\ZombieModernScreenDoorProps.cpp" />
    <ClCompile Include="PvZ2\ZombieModernAllStar.cpp" />
    <ClCompile Include="PvZ2\ZombieModernBerserkerProps.cpp" />
    <ClCompile Include="PvZ2\ZombieEightiesBassProps.cpp" />
    <ClCompile Include="PvZ2\ZombieEightiesBass.cpp" />
    <ClCompile Include="PvZ2\ZombieAnimRig_EightiesBass.cpp" />
    <ClCompile Include="PvZ2\PlantDinoGrass.cpp" />
    <ClCompile Include="PvZ2\ZombieModernDolphinRider.cpp" />
    <ClCompile Include="PvZ2\ZombieModernDolphinRiderProps.cpp" />
    <ClCompile Include="PvZ2\ZombieAnimRig_ModernDolphinRider.cpp" />
    <ClCompile Include="PvZ2\ZombieLostCityTorchGargantuar.cpp" />
    <ClCompile Include="PvZ2\MausoleumGrid.cpp" />
    <ClCompile Include="PvZ2\ZombieMausoleumCavalry.cpp" />
    <ClCompile Include="PvZ2\ZombieMausoleumCavalryProps.cpp" />
    <ClCompile Include="PvZ2\ZombieMausoleumVendorProps.cpp" />
    <ClCompile Include="PvZ2\ZombieMausoleumPiggy.cpp" />
    <ClCompile Include="PvZ2\ZombieMausoleumPiggyProps.cpp" />
    <ClCompile Include="PvZ2\ZombieMausoleumVendor.cpp" />
    <ClCompile Include="PvZ2\ZombieMausoleumBasic.cpp" />
    <ClCompile Include="PvZ2\ZombieAnimRig_MausoleumBasic.cpp" />
    <ClCompile Include="PvZ2\ZombieMausoleumAssasin.cpp" />
    <ClCompile Include="PvZ2\ZombieAnimRig_MausoleumAssasin.cpp" />
    <ClCompile Include="PvZ2\ZombieMausoleumArcher.cpp" />
    <ClCompile Include="PvZ2\ZombieAnimRig_MausoleumArcher.cpp" />
    <ClCompile Include="PvZ2\ZombieMausoleumDrunkard.cpp" />
    <ClCompile Include="PvZ2\ZombieAnimRig_MausoleumDrunkard.cpp" />
    <ClCompile Include="PvZ2\PlantUnchartedHaystack.cpp" />
    <ClCompile Include="PvZ2\GridItemHaystack.cpp" />
    <ClCompile Include="PvZ2\Effect_PopAnim.cpp" />
    <ClCompile Include="Sexy\ResourceManager.cpp" />
    <ClCompile Include="PvZ2\ZombieMausoleumGargantuar.cpp" />
    <ClCompile Include="PvZ2\ZombieAnimRig_MausoleumGargantuar.cpp" />
    <ClCompile Include="PvZ2\ZombieAnimRig_TombRaiser.cpp" />
    <ClCompile Include="PvZ2\ZombieTombRaiser.cpp" />
    <ClCompile Include="PvZ2\TombraiserProjectileProps.cpp" />
    <ClCompile Include="PvZ2\ZombieConditions.cpp" />
    <ClCompile Include="PvZ2\Zombie.cpp" />
    <ClCompile Include="PvZ2\GridItemSpeakerBass.cpp" />
    <ClCompile Include="PvZ2\ZombieTypeTemplate.cpp" />
  </ItemGroup>
  <ItemGroup>
    <ClInclude Include="PvZ2\Chairracer.h" />
    <ClInclude Include="PvZ2\ZcorpRacerZombie.h" />
    <ClInclude Include="PvZ2\Zombie_BullProps.h" />
    <ClInclude Include="PvZ2\Zombie_BullVeteran.h" />
    <ClInclude Include="PvZ2\ZombieBasic.h" />
    <ClInclude Include="PvZ2\ZombieBull.h" />
    <ClInclude Include="PvZ2\ZombieCavalryProps.h" />
    <ClInclude Include="PvZ2\ZombieDarkCavalry.h" />
    <ClInclude Include="PvZ2\ZombieFairyTaleGargantuar.h" />
    <ClInclude Include="PvZ2\ZombieFairyTaleImp.h" />
    <ClInclude Include="PvZ2\ZombieFairyTaleImpProps.h" />
    <ClInclude Include="PvZ2\ZombieGargantuar.h" />
    <ClInclude Include="PvZ2\ZombieGargantuarProps.h" />
    <ClInclude Include="PvZ2\ZombieImp.h" />
    <ClInclude Include="PvZ2\ZombieLostCityBug.h" />
    <ClInclude Include="Main.h" />
    <ClInclude Include="PvZ2\AddZombieType.h" />
    <ClInclude Include="PvZ2\PopAnimRig.h" />
    <ClInclude Include="PvZ2\ZombieEvent.h" />
    <ClInclude Include="PvZ2\ZombieAnimRig_ModernAllStar.h" />
    <ClInclude Include="PvZ2\ZombieAnimRig_EightiesPunk.h" />
    <ClInclude Include="PvZ2\ZombieAnimRig_Consultant.h" />
    <ClInclude Include="PvZ2\ZombieAnimRig_Hunter.h" />
    <ClInclude Include="PvZ2\ZombieAnimRig_Gargantuar.h" />
    <ClInclude Include="PvZ2\ZombieDinoBasic.h" />
    <ClInclude Include="PvZ2\ZombieAnimRig_Basic.h" />
    <ClInclude Include="PvZ2\ZombiePirateBoomBarrel.h" />
    <ClInclude Include="PvZ2\ZombieAnimRig_Imp.h" />
    <ClInclude Include="PvZ2\DangerRoomLevelDesigner.h" />
    <ClInclude Include="PvZ2\WaveActionProperties.h" />
    <ClInclude Include="PvZ2\ZombieModifierModule.h" />
    <ClInclude Include="PvZ2\ZombieModernBalloon.h" />
    <ClInclude Include="PvZ2\ZombieAnimRig_ModernBalloon.h" />
    <ClInclude Include="PvZ2\ZombieBugProps.h" />
    <ClInclude Include="PvZ2\ZombieJourneyToTheWestBalloonProps.h" />
    <ClInclude Include="PvZ2\ZombieJourneyToTheWestVendor.h" />
    <ClInclude Include="PvZ2\ZombieJourneyToTheWestVendorProps.h" />
    <ClInclude Include="PvZ2\ZombieStateHelper.h" />
    <ClInclude Include="Sexy\Delegate.h" />
    <ClInclude Include="Sexy\DelegateBase.h" />
    <ClInclude Include="PvZ2\StateMachineBuilder.h" />
    <ClInclude Include="PvZ2\ZombieAnimRig_Vendor.h" />
    <ClInclude Include="PvZ2\ZombieJourneyToTheWestPiggy.h" />
    <ClInclude Include="PvZ2\ZombieJourneyToTheWestPiggyProps.h" />
    <ClInclude Include="PvZ2\ZombieTombRaiser.h" />
    <ClInclude Include="PvZ2\ZombieTombRaiserProps.h" />
    <ClInclude Include="PvZ2\ZombieDinoBullyVeteranProps.h" />
    <ClInclude Include="PvZ2\ArmorPropertySheet.h" />
    <ClInclude Include="PvZ2\ZombiePharaoh.h" />
    <ClInclude Include="PvZ2\ZombieAnimRig_TombRaiser.h" />
    <ClInclude Include="PvZ2\GameObjectDictionary.h" />
    <ClInclude Include="PvZ2\ZombieAnimRig_Bull.h" />
    <ClInclude Include="PvZ2\AddPlantType.h" />
    <ClInclude Include="PvZ2\ZombieAnimRig_FairyTaleWitch.h" />
    <ClInclude Include="PvZ2\FairyTaleWitchProjectile.h" />
    <ClInclude Include="PvZ2\ZombieWithAction.h" />
    <ClInclude Include="PvZ2\ZombieFairyTaleWitchFrog.h" />
    <ClInclude Include="PvZ2\ZombieAnimRigBasicTemplateProps.h" />
    <ClInclude Include="PvZ2\ZombieBasicProps.h" />
    <ClInclude Include="PvZ2\ZombieModernPoleVaulter.h" />
    <ClInclude Include="PvZ2\ZombieModernPoleVaulterProps.h" />
    <ClInclude Include="PvZ2\ZombieAnimRig_ModernPoleVaulter.h" />
    <ClInclude Include="PvZ2\GridItemCondition.h" />
    <ClInclude Include="PvZ2\ZombieModernJackInTheBoxProps.h" />
    <ClInclude Include="PvZ2\ZombieModernJackInTheBox.h" />
    <ClInclude Include="PvZ2\ZombieAnimRig_ModernJackInTheBox.h" />
    <ClInclude Include="PvZ2\ZombieCamel.h" />
    <ClInclude Include="Sexy\LazySingleton.h" />
    <ClInclude Include="PvZ2\ZombieSpawnerProjectile.h" />
    <ClInclude Include="PvZ2\ZombieFutureJetpack.h" />
    <ClInclude Include="PvZ2\ZombieModernPogo.h" />
    <ClInclude Include="PvZ2\ZombieModernPogoProps.h" />
    <ClInclude Include="PvZ2\ZombieAnimRig_ModernPogo.h" />
    <ClInclude Include="PvZ2\ZombieModernScreenDoor.h" />
    <ClInclude Include="PvZ2\ZombieAnimRig_ModernScreenDoor.h" />
    <ClInclude Include="PvZ2\ZombieModernScreenDoorProps.h" />
    <ClInclude Include="PvZ2\ZombieModernAllStar.h" />
    <ClInclude Include="Sexy\IResStreamDriver.h" />
    <ClInclude Include="Sexy\PTXInfo.h" />
    <ClInclude Include="PvZ2\AddProjectileType.h" />
    <ClInclude Include="PvZ2\ZombieEightiesBass.h" />
    <ClInclude Include="PvZ2\ZombieEightiesBassProps.h" />
    <ClInclude Include="PvZ2\ZombieAnimRig_EightiesBass.h" />
    <ClInclude Include="PvZ2\AddGridItemType.h" />
    <ClInclude Include="PvZ2\PlantDinoGrass.h" />
    <ClInclude Include="PvZ2\PlantChomper.h" />
    <ClInclude Include="PvZ2\Creature.h" />
    <ClInclude Include="PvZ2\ChomperProps.h" />
    <ClInclude Include="PvZ2\ZombieModernDolphinRider.h" />
    <ClInclude Include="PvZ2\ZombieModernDolphinRiderProps.h" />
    <ClInclude Include="PvZ2\ZombieAnimRig_ModernDolphinRider.h" />
    <ClInclude Include="Sexy\LawnApp.h" />
    <ClInclude Include="Sexy\SexyApp.h" />
    <ClInclude Include="PvZ2\ZombieHelper.h" />
    <ClInclude Include="Sexy\ResourceInfo.h" />
    <ClInclude Include="Sexy\ResourceManager.h" />
    <ClInclude Include="PvZ2\ZombieMausoleumVendor.h" />
    <ClInclude Include="PvZ2\GridItemMausoleumLawnTile.h" />
    <ClInclude Include="PvZ2\ZombieMausoleumCavalry.h" />
    <ClInclude Include="PvZ2\ZombieMausoleumCavalryProps.h" />
    <ClInclude Include="PvZ2\ZombieMausoleumVendorProps.h" />
    <ClInclude Include="PvZ2\ZombieMausoleumPiggy.h" />
    <ClInclude Include="PvZ2\ZombieMausoleumPiggyProps.h" />
    <ClInclude Include="PvZ2\ZombieMausoleumBasic.h" />
    <ClInclude Include="PvZ2\ZombieMausoleumAssasin.h" />
    <ClInclude Include="PvZ2\ZombieAnimRig_MausoleumAssasin.h" />
    <ClInclude Include="PvZ2\ZombieMausoleumArcher.h" />
    <ClInclude Include="PvZ2\ZombieAnimRig_MausoleumArcher.h" />
    <ClInclude Include="PvZ2\ZombieMausoleumDrunkard.h" />
    <ClInclude Include="PvZ2\ZombieAnimRig_MausoleumDrunkard.h" />
    <ClInclude Include="PvZ2\PlantUnchartedHaystack.h" />
    <ClInclude Include="PvZ2\GridItemHaystack.h" />
    <ClInclude Include="PvZ2\ZombieAnimRig_MausoleumCursedBase.h" />
    <ClInclude Include="PvZ2\PlantZhongKuiLycoris.h" />
    <ClInclude Include="PvZ2\TombraiserProjectileProps.h" />
    <ClInclude Include="PvZ2\PlantIceBloom.h" />
    <ClInclude Include="PvZ2\DamageLifetime.h" />
    <ClInclude Include="PvZ2\GridItemSpeakerBass.h" />
    <ClInclude Include="PvZ2\ZombieTypeTemplate.h" />
  </ItemGroup>
</Project>